
Microsoft Visual Studio Solution File, Format Version 12.00
# Visual Studio 15
VisualStudioVersion = 15.0.28307.168
MinimumVisualStudioVersion = 10.0.40219.1
Project("{FAE04EC0-301F-11D3-BF4B-00C04F79EFBC}") = "ClareTourismApp.Android", "ClareTourismApp\ClareTourismApp.Android\ClareTourismApp.Android.csproj", "{2EDDB75B-2690-4B5E-8A7B-4A45AA632DAE}"
EndProject
Project("{FAE04EC0-301F-11D3-BF4B-00C04F79EFBC}") = "ClareTourismApp.iOS", "ClareTourismApp\ClareTourismApp.iOS\ClareTourismApp.iOS.csproj", "{B58444EF-EAF5-41D7-AF26-408392DB04F8}"
EndProject
Project("{FAE04EC0-301F-11D3-BF4B-00C04F79EFBC}") = "ClareTourismApp.UWP", "ClareTourismApp\ClareTourismApp.UWP\ClareTourismApp.UWP.csproj", "{7B88F04A-30F2-4934-AF2D-0F3EACAD8121}"
EndProject
Project("{FAE04EC0-301F-11D3-BF4B-00C04F79EFBC}") = "ClareTourismApp", "ClareTourismApp\ClareTourismApp\ClareTourismApp.csproj", "{6A8A716B-31CD-4962-8D1C-F61CF07F506E}"
EndProject
Global
	GlobalSection(SolutionConfigurationPlatforms) = preSolution
		Ad-Hoc|Any CPU = Ad-Hoc|Any CPU
		Ad-Hoc|ARM = Ad-Hoc|ARM
		Ad-Hoc|iPhone = Ad-Hoc|iPhone
		Ad-Hoc|iPhoneSimulator = Ad-Hoc|iPhoneSimulator
		Ad-Hoc|x64 = Ad-Hoc|x64
		Ad-Hoc|x86 = Ad-Hoc|x86
		AppStore|Any CPU = AppStore|Any CPU
		AppStore|ARM = AppStore|ARM
		AppStore|iPhone = AppStore|iPhone
		AppStore|iPhoneSimulator = AppStore|iPhoneSimulator
		AppStore|x64 = AppStore|x64
		AppStore|x86 = AppStore|x86
		Debug|Any CPU = Debug|Any CPU
		Debug|ARM = Debug|ARM
		Debug|iPhone = Debug|iPhone
		Debug|iPhoneSimulator = Debug|iPhoneSimulator
		Debug|x64 = Debug|x64
		Debug|x86 = Debug|x86
		Release|Any CPU = Release|Any CPU
		Release|ARM = Release|ARM
		Release|iPhone = Release|iPhone
		Release|iPhoneSimulator = Release|iPhoneSimulator
		Release|x64 = Release|x64
		Release|x86 = Release|x86
	EndGlobalSection
	GlobalSection(ProjectConfigurationPlatforms) = postSolution
		{2EDDB75B-2690-4B5E-8A7B-4A45AA632DAE}.Ad-Hoc|Any CPU.ActiveCfg = Release|Any CPU
		{2EDDB75B-2690-4B5E-8A7B-4A45AA632DAE}.Ad-Hoc|Any CPU.Build.0 = Release|Any CPU
		{2EDDB75B-2690-4B5E-8A7B-4A45AA632DAE}.Ad-Hoc|Any CPU.Deploy.0 = Release|Any CPU
		{2EDDB75B-2690-4B5E-8A7B-4A45AA632DAE}.Ad-Hoc|ARM.ActiveCfg = Release|Any CPU
		{2EDDB75B-2690-4B5E-8A7B-4A45AA632DAE}.Ad-Hoc|ARM.Build.0 = Release|Any CPU
		{2EDDB75B-2690-4B5E-8A7B-4A45AA632DAE}.Ad-Hoc|ARM.Deploy.0 = Release|Any CPU
		{2EDDB75B-2690-4B5E-8A7B-4A45AA632DAE}.Ad-Hoc|iPhone.ActiveCfg = Release|Any CPU
		{2EDDB75B-2690-4B5E-8A7B-4A45AA632DAE}.Ad-Hoc|iPhone.Build.0 = Release|Any CPU
		{2EDDB75B-2690-4B5E-8A7B-4A45AA632DAE}.Ad-Hoc|iPhone.Deploy.0 = Release|Any CPU
		{2EDDB75B-2690-4B5E-8A7B-4A45AA632DAE}.Ad-Hoc|iPhoneSimulator.ActiveCfg = Release|Any CPU
		{2EDDB75B-2690-4B5E-8A7B-4A45AA632DAE}.Ad-Hoc|iPhoneSimulator.Build.0 = Release|Any CPU
		{2EDDB75B-2690-4B5E-8A7B-4A45AA632DAE}.Ad-Hoc|iPhoneSimulator.Deploy.0 = Release|Any CPU
		{2EDDB75B-2690-4B5E-8A7B-4A45AA632DAE}.Ad-Hoc|x64.ActiveCfg = Release|Any CPU
		{2EDDB75B-2690-4B5E-8A7B-4A45AA632DAE}.Ad-Hoc|x64.Build.0 = Release|Any CPU
		{2EDDB75B-2690-4B5E-8A7B-4A45AA632DAE}.Ad-Hoc|x64.Deploy.0 = Release|Any CPU
		{2EDDB75B-2690-4B5E-8A7B-4A45AA632DAE}.Ad-Hoc|x86.ActiveCfg = Release|Any CPU
		{2EDDB75B-2690-4B5E-8A7B-4A45AA632DAE}.Ad-Hoc|x86.Build.0 = Release|Any CPU
		{2EDDB75B-2690-4B5E-8A7B-4A45AA632DAE}.Ad-Hoc|x86.Deploy.0 = Release|Any CPU
		{2EDDB75B-2690-4B5E-8A7B-4A45AA632DAE}.AppStore|Any CPU.ActiveCfg = Release|Any CPU
		{2EDDB75B-2690-4B5E-8A7B-4A45AA632DAE}.AppStore|Any CPU.Build.0 = Release|Any CPU
		{2EDDB75B-2690-4B5E-8A7B-4A45AA632DAE}.AppStore|Any CPU.Deploy.0 = Release|Any CPU
		{2EDDB75B-2690-4B5E-8A7B-4A45AA632DAE}.AppStore|ARM.ActiveCfg = Release|Any CPU
		{2EDDB75B-2690-4B5E-8A7B-4A45AA632DAE}.AppStore|ARM.Build.0 = Release|Any CPU
		{2EDDB75B-2690-4B5E-8A7B-4A45AA632DAE}.AppStore|ARM.Deploy.0 = Release|Any CPU
		{2EDDB75B-2690-4B5E-8A7B-4A45AA632DAE}.AppStore|iPhone.ActiveCfg = Release|Any CPU
		{2EDDB75B-2690-4B5E-8A7B-4A45AA632DAE}.AppStore|iPhone.Build.0 = Release|Any CPU
		{2EDDB75B-2690-4B5E-8A7B-4A45AA632DAE}.AppStore|iPhone.Deploy.0 = Release|Any CPU
		{2EDDB75B-2690-4B5E-8A7B-4A45AA632DAE}.AppStore|iPhoneSimulator.ActiveCfg = Release|Any CPU
		{2EDDB75B-2690-4B5E-8A7B-4A45AA632DAE}.AppStore|iPhoneSimulator.Build.0 = Release|Any CPU
		{2EDDB75B-2690-4B5E-8A7B-4A45AA632DAE}.AppStore|iPhoneSimulator.Deploy.0 = Release|Any CPU
		{2EDDB75B-2690-4B5E-8A7B-4A45AA632DAE}.AppStore|x64.ActiveCfg = Release|Any CPU
		{2EDDB75B-2690-4B5E-8A7B-4A45AA632DAE}.AppStore|x64.Build.0 = Release|Any CPU
		{2EDDB75B-2690-4B5E-8A7B-4A45AA632DAE}.AppStore|x64.Deploy.0 = Release|Any CPU
		{2EDDB75B-2690-4B5E-8A7B-4A45AA632DAE}.AppStore|x86.ActiveCfg = Release|Any CPU
		{2EDDB75B-2690-4B5E-8A7B-4A45AA632DAE}.AppStore|x86.Build.0 = Release|Any CPU
		{2EDDB75B-2690-4B5E-8A7B-4A45AA632DAE}.AppStore|x86.Deploy.0 = Release|Any CPU
		{2EDDB75B-2690-4B5E-8A7B-4A45AA632DAE}.Debug|Any CPU.ActiveCfg = Debug|Any CPU
		{2EDDB75B-2690-4B5E-8A7B-4A45AA632DAE}.Debug|Any CPU.Build.0 = Debug|Any CPU
		{2EDDB75B-2690-4B5E-8A7B-4A45AA632DAE}.Debug|Any CPU.Deploy.0 = Debug|Any CPU
		{2EDDB75B-2690-4B5E-8A7B-4A45AA632DAE}.Debug|ARM.ActiveCfg = Debug|Any CPU
		{2EDDB75B-2690-4B5E-8A7B-4A45AA632DAE}.Debug|ARM.Build.0 = Debug|Any CPU
		{2EDDB75B-2690-4B5E-8A7B-4A45AA632DAE}.Debug|ARM.Deploy.0 = Debug|Any CPU
		{2EDDB75B-2690-4B5E-8A7B-4A45AA632DAE}.Debug|iPhone.ActiveCfg = Debug|Any CPU
		{2EDDB75B-2690-4B5E-8A7B-4A45AA632DAE}.Debug|iPhone.Build.0 = Debug|Any CPU
		{2EDDB75B-2690-4B5E-8A7B-4A45AA632DAE}.Debug|iPhone.Deploy.0 = Debug|Any CPU
		{2EDDB75B-2690-4B5E-8A7B-4A45AA632DAE}.Debug|iPhoneSimulator.ActiveCfg = Debug|Any CPU
		{2EDDB75B-2690-4B5E-8A7B-4A45AA632DAE}.Debug|iPhoneSimulator.Build.0 = Debug|Any CPU
		{2EDDB75B-2690-4B5E-8A7B-4A45AA632DAE}.Debug|iPhoneSimulator.Deploy.0 = Debug|Any CPU
		{2EDDB75B-2690-4B5E-8A7B-4A45AA632DAE}.Debug|x64.ActiveCfg = Debug|Any CPU
		{2EDDB75B-2690-4B5E-8A7B-4A45AA632DAE}.Debug|x64.Build.0 = Debug|Any CPU
		{2EDDB75B-2690-4B5E-8A7B-4A45AA632DAE}.Debug|x64.Deploy.0 = Debug|Any CPU
		{2EDDB75B-2690-4B5E-8A7B-4A45AA632DAE}.Debug|x86.ActiveCfg = Debug|Any CPU
		{2EDDB75B-2690-4B5E-8A7B-4A45AA632DAE}.Debug|x86.Build.0 = Debug|Any CPU
		{2EDDB75B-2690-4B5E-8A7B-4A45AA632DAE}.Debug|x86.Deploy.0 = Debug|Any CPU
		{2EDDB75B-2690-4B5E-8A7B-4A45AA632DAE}.Release|Any CPU.ActiveCfg = Release|Any CPU
		{2EDDB75B-2690-4B5E-8A7B-4A45AA632DAE}.Release|Any CPU.Build.0 = Release|Any CPU
		{2EDDB75B-2690-4B5E-8A7B-4A45AA632DAE}.Release|Any CPU.Deploy.0 = Release|Any CPU
		{2EDDB75B-2690-4B5E-8A7B-4A45AA632DAE}.Release|ARM.ActiveCfg = Release|Any CPU
		{2EDDB75B-2690-4B5E-8A7B-4A45AA632DAE}.Release|ARM.Build.0 = Release|Any CPU
		{2EDDB75B-2690-4B5E-8A7B-4A45AA632DAE}.Release|ARM.Deploy.0 = Release|Any CPU
		{2EDDB75B-2690-4B5E-8A7B-4A45AA632DAE}.Release|iPhone.ActiveCfg = Release|Any CPU
		{2EDDB75B-2690-4B5E-8A7B-4A45AA632DAE}.Release|iPhone.Build.0 = Release|Any CPU
		{2EDDB75B-2690-4B5E-8A7B-4A45AA632DAE}.Release|iPhone.Deploy.0 = Release|Any CPU
		{2EDDB75B-2690-4B5E-8A7B-4A45AA632DAE}.Release|iPhoneSimulator.ActiveCfg = Release|Any CPU
		{2EDDB75B-2690-4B5E-8A7B-4A45AA632DAE}.Release|iPhoneSimulator.Build.0 = Release|Any CPU
		{2EDDB75B-2690-4B5E-8A7B-4A45AA632DAE}.Release|iPhoneSimulator.Deploy.0 = Release|Any CPU
		{2EDDB75B-2690-4B5E-8A7B-4A45AA632DAE}.Release|x64.ActiveCfg = Release|Any CPU
		{2EDDB75B-2690-4B5E-8A7B-4A45AA632DAE}.Release|x64.Build.0 = Release|Any CPU
		{2EDDB75B-2690-4B5E-8A7B-4A45AA632DAE}.Release|x64.Deploy.0 = Release|Any CPU
		{2EDDB75B-2690-4B5E-8A7B-4A45AA632DAE}.Release|x86.ActiveCfg = Release|Any CPU
		{2EDDB75B-2690-4B5E-8A7B-4A45AA632DAE}.Release|x86.Build.0 = Release|Any CPU
		{2EDDB75B-2690-4B5E-8A7B-4A45AA632DAE}.Release|x86.Deploy.0 = Release|Any CPU
		{B58444EF-EAF5-41D7-AF26-408392DB04F8}.Ad-Hoc|Any CPU.ActiveCfg = Ad-Hoc|iPhone
		{B58444EF-EAF5-41D7-AF26-408392DB04F8}.Ad-Hoc|Any CPU.Build.0 = Ad-Hoc|iPhone
		{B58444EF-EAF5-41D7-AF26-408392DB04F8}.Ad-Hoc|Any CPU.Deploy.0 = Ad-Hoc|iPhone
		{B58444EF-EAF5-41D7-AF26-408392DB04F8}.Ad-Hoc|ARM.ActiveCfg = Ad-Hoc|iPhone
		{B58444EF-EAF5-41D7-AF26-408392DB04F8}.Ad-Hoc|ARM.Build.0 = Ad-Hoc|iPhone
		{B58444EF-EAF5-41D7-AF26-408392DB04F8}.Ad-Hoc|ARM.Deploy.0 = Ad-Hoc|iPhone
		{B58444EF-EAF5-41D7-AF26-408392DB04F8}.Ad-Hoc|iPhone.ActiveCfg = Ad-Hoc|iPhone
		{B58444EF-EAF5-41D7-AF26-408392DB04F8}.Ad-Hoc|iPhone.Build.0 = Ad-Hoc|iPhone
		{B58444EF-EAF5-41D7-AF26-408392DB04F8}.Ad-Hoc|iPhone.Deploy.0 = Ad-Hoc|iPhone
		{B58444EF-EAF5-41D7-AF26-408392DB04F8}.Ad-Hoc|iPhoneSimulator.ActiveCfg = Ad-Hoc|iPhoneSimulator
		{B58444EF-EAF5-41D7-AF26-408392DB04F8}.Ad-Hoc|iPhoneSimulator.Build.0 = Ad-Hoc|iPhoneSimulator
		{B58444EF-EAF5-41D7-AF26-408392DB04F8}.Ad-Hoc|iPhoneSimulator.Deploy.0 = Ad-Hoc|iPhoneSimulator
		{B58444EF-EAF5-41D7-AF26-408392DB04F8}.Ad-Hoc|x64.ActiveCfg = Ad-Hoc|iPhone
		{B58444EF-EAF5-41D7-AF26-408392DB04F8}.Ad-Hoc|x64.Build.0 = Ad-Hoc|iPhone
		{B58444EF-EAF5-41D7-AF26-408392DB04F8}.Ad-Hoc|x64.Deploy.0 = Ad-Hoc|iPhone
		{B58444EF-EAF5-41D7-AF26-408392DB04F8}.Ad-Hoc|x86.ActiveCfg = Ad-Hoc|iPhone
		{B58444EF-EAF5-41D7-AF26-408392DB04F8}.Ad-Hoc|x86.Build.0 = Ad-Hoc|iPhone
		{B58444EF-EAF5-41D7-AF26-408392DB04F8}.Ad-Hoc|x86.Deploy.0 = Ad-Hoc|iPhone
		{B58444EF-EAF5-41D7-AF26-408392DB04F8}.AppStore|Any CPU.ActiveCfg = AppStore|iPhone
		{B58444EF-EAF5-41D7-AF26-408392DB04F8}.AppStore|Any CPU.Build.0 = AppStore|iPhone
		{B58444EF-EAF5-41D7-AF26-408392DB04F8}.AppStore|Any CPU.Deploy.0 = AppStore|iPhone
		{B58444EF-EAF5-41D7-AF26-408392DB04F8}.AppStore|ARM.ActiveCfg = AppStore|iPhone
		{B58444EF-EAF5-41D7-AF26-408392DB04F8}.AppStore|ARM.Build.0 = AppStore|iPhone
		{B58444EF-EAF5-41D7-AF26-408392DB04F8}.AppStore|ARM.Deploy.0 = AppStore|iPhone
		{B58444EF-EAF5-41D7-AF26-408392DB04F8}.AppStore|iPhone.ActiveCfg = AppStore|iPhone
		{B58444EF-EAF5-41D7-AF26-408392DB04F8}.AppStore|iPhone.Build.0 = AppStore|iPhone
		{B58444EF-EAF5-41D7-AF26-408392DB04F8}.AppStore|iPhone.Deploy.0 = AppStore|iPhone
		{B58444EF-EAF5-41D7-AF26-408392DB04F8}.AppStore|iPhoneSimulator.ActiveCfg = AppStore|iPhoneSimulator
		{B58444EF-EAF5-41D7-AF26-408392DB04F8}.AppStore|iPhoneSimulator.Build.0 = AppStore|iPhoneSimulator
		{B58444EF-EAF5-41D7-AF26-408392DB04F8}.AppStore|iPhoneSimulator.Deploy.0 = AppStore|iPhoneSimulator
		{B58444EF-EAF5-41D7-AF26-408392DB04F8}.AppStore|x64.ActiveCfg = AppStore|iPhone
		{B58444EF-EAF5-41D7-AF26-408392DB04F8}.AppStore|x64.Build.0 = AppStore|iPhone
		{B58444EF-EAF5-41D7-AF26-408392DB04F8}.AppStore|x64.Deploy.0 = AppStore|iPhone
		{B58444EF-EAF5-41D7-AF26-408392DB04F8}.AppStore|x86.ActiveCfg = AppStore|iPhone
		{B58444EF-EAF5-41D7-AF26-408392DB04F8}.AppStore|x86.Build.0 = AppStore|iPhone
		{B58444EF-EAF5-41D7-AF26-408392DB04F8}.AppStore|x86.Deploy.0 = AppStore|iPhone
		{B58444EF-EAF5-41D7-AF26-408392DB04F8}.Debug|Any CPU.ActiveCfg = Debug|iPhoneSimulator
		{B58444EF-EAF5-41D7-AF26-408392DB04F8}.Debug|Any CPU.Build.0 = Debug|iPhoneSimulator
		{B58444EF-EAF5-41D7-AF26-408392DB04F8}.Debug|Any CPU.Deploy.0 = Debug|iPhoneSimulator
		{B58444EF-EAF5-41D7-AF26-408392DB04F8}.Debug|ARM.ActiveCfg = Debug|iPhone
		{B58444EF-EAF5-41D7-AF26-408392DB04F8}.Debug|ARM.Build.0 = Debug|iPhone
		{B58444EF-EAF5-41D7-AF26-408392DB04F8}.Debug|ARM.Deploy.0 = Debug|iPhone
		{B58444EF-EAF5-41D7-AF26-408392DB04F8}.Debug|iPhone.ActiveCfg = Debug|iPhone
		{B58444EF-EAF5-41D7-AF26-408392DB04F8}.Debug|iPhone.Build.0 = Debug|iPhone
		{B58444EF-EAF5-41D7-AF26-408392DB04F8}.Debug|iPhone.Deploy.0 = Debug|iPhone
		{B58444EF-EAF5-41D7-AF26-408392DB04F8}.Debug|iPhoneSimulator.ActiveCfg = Debug|iPhoneSimulator
		{B58444EF-EAF5-41D7-AF26-408392DB04F8}.Debug|iPhoneSimulator.Build.0 = Debug|iPhoneSimulator
		{B58444EF-EAF5-41D7-AF26-408392DB04F8}.Debug|iPhoneSimulator.Deploy.0 = Debug|iPhoneSimulator
		{B58444EF-EAF5-41D7-AF26-408392DB04F8}.Debug|x64.ActiveCfg = Debug|iPhone
		{B58444EF-EAF5-41D7-AF26-408392DB04F8}.Debug|x64.Build.0 = Debug|iPhone
		{B58444EF-EAF5-41D7-AF26-408392DB04F8}.Debug|x64.Deploy.0 = Debug|iPhone
		{B58444EF-EAF5-41D7-AF26-408392DB04F8}.Debug|x86.ActiveCfg = Debug|iPhone
		{B58444EF-EAF5-41D7-AF26-408392DB04F8}.Debug|x86.Build.0 = Debug|iPhone
		{B58444EF-EAF5-41D7-AF26-408392DB04F8}.Debug|x86.Deploy.0 = Debug|iPhone
		{B58444EF-EAF5-41D7-AF26-408392DB04F8}.Release|Any CPU.ActiveCfg = Release|iPhone
		{B58444EF-EAF5-41D7-AF26-408392DB04F8}.Release|Any CPU.Build.0 = Release|iPhone
		{B58444EF-EAF5-41D7-AF26-408392DB04F8}.Release|Any CPU.Deploy.0 = Release|iPhone
		{B58444EF-EAF5-41D7-AF26-408392DB04F8}.Release|ARM.ActiveCfg = Release|iPhone
		{B58444EF-EAF5-41D7-AF26-408392DB04F8}.Release|ARM.Build.0 = Release|iPhone
		{B58444EF-EAF5-41D7-AF26-408392DB04F8}.Release|ARM.Deploy.0 = Release|iPhone
		{B58444EF-EAF5-41D7-AF26-408392DB04F8}.Release|iPhone.ActiveCfg = Release|iPhone
		{B58444EF-EAF5-41D7-AF26-408392DB04F8}.Release|iPhone.Build.0 = Release|iPhone
		{B58444EF-EAF5-41D7-AF26-408392DB04F8}.Release|iPhone.Deploy.0 = Release|iPhone
		{B58444EF-EAF5-41D7-AF26-408392DB04F8}.Release|iPhoneSimulator.ActiveCfg = Release|iPhoneSimulator
		{B58444EF-EAF5-41D7-AF26-408392DB04F8}.Release|iPhoneSimulator.Build.0 = Release|iPhoneSimulator
		{B58444EF-EAF5-41D7-AF26-408392DB04F8}.Release|iPhoneSimulator.Deploy.0 = Release|iPhoneSimulator
		{B58444EF-EAF5-41D7-AF26-408392DB04F8}.Release|x64.ActiveCfg = Release|iPhone
		{B58444EF-EAF5-41D7-AF26-408392DB04F8}.Release|x64.Build.0 = Release|iPhone
		{B58444EF-EAF5-41D7-AF26-408392DB04F8}.Release|x64.Deploy.0 = Release|iPhone
		{B58444EF-EAF5-41D7-AF26-408392DB04F8}.Release|x86.ActiveCfg = Release|iPhone
		{B58444EF-EAF5-41D7-AF26-408392DB04F8}.Release|x86.Build.0 = Release|iPhone
		{B58444EF-EAF5-41D7-AF26-408392DB04F8}.Release|x86.Deploy.0 = Release|iPhone
		{7B88F04A-30F2-4934-AF2D-0F3EACAD8121}.Ad-Hoc|Any CPU.ActiveCfg = Release|x86
		{7B88F04A-30F2-4934-AF2D-0F3EACAD8121}.Ad-Hoc|Any CPU.Build.0 = Release|x86
		{7B88F04A-30F2-4934-AF2D-0F3EACAD8121}.Ad-Hoc|Any CPU.Deploy.0 = Release|x86
		{7B88F04A-30F2-4934-AF2D-0F3EACAD8121}.Ad-Hoc|ARM.ActiveCfg = Release|ARM
		{7B88F04A-30F2-4934-AF2D-0F3EACAD8121}.Ad-Hoc|ARM.Build.0 = Release|ARM
		{7B88F04A-30F2-4934-AF2D-0F3EACAD8121}.Ad-Hoc|ARM.Deploy.0 = Release|ARM
		{7B88F04A-30F2-4934-AF2D-0F3EACAD8121}.Ad-Hoc|iPhone.ActiveCfg = Release|x86
		{7B88F04A-30F2-4934-AF2D-0F3EACAD8121}.Ad-Hoc|iPhone.Build.0 = Release|x86
		{7B88F04A-30F2-4934-AF2D-0F3EACAD8121}.Ad-Hoc|iPhone.Deploy.0 = Release|x86
		{7B88F04A-30F2-4934-AF2D-0F3EACAD8121}.Ad-Hoc|iPhoneSimulator.ActiveCfg = Release|x86
		{7B88F04A-30F2-4934-AF2D-0F3EACAD8121}.Ad-Hoc|iPhoneSimulator.Build.0 = Release|x86
		{7B88F04A-30F2-4934-AF2D-0F3EACAD8121}.Ad-Hoc|iPhoneSimulator.Deploy.0 = Release|x86
		{7B88F04A-30F2-4934-AF2D-0F3EACAD8121}.Ad-Hoc|x64.ActiveCfg = Release|x64
		{7B88F04A-30F2-4934-AF2D-0F3EACAD8121}.Ad-Hoc|x64.Build.0 = Release|x64
		{7B88F04A-30F2-4934-AF2D-0F3EACAD8121}.Ad-Hoc|x64.Deploy.0 = Release|x64
		{7B88F04A-30F2-4934-AF2D-0F3EACAD8121}.Ad-Hoc|x86.ActiveCfg = Release|x86
		{7B88F04A-30F2-4934-AF2D-0F3EACAD8121}.Ad-Hoc|x86.Build.0 = Release|x86
		{7B88F04A-30F2-4934-AF2D-0F3EACAD8121}.Ad-Hoc|x86.Deploy.0 = Release|x86
		{7B88F04A-30F2-4934-AF2D-0F3EACAD8121}.AppStore|Any CPU.ActiveCfg = Release|x86
		{7B88F04A-30F2-4934-AF2D-0F3EACAD8121}.AppStore|Any CPU.Build.0 = Release|x86
		{7B88F04A-30F2-4934-AF2D-0F3EACAD8121}.AppStore|Any CPU.Deploy.0 = Release|x86
		{7B88F04A-30F2-4934-AF2D-0F3EACAD8121}.AppStore|ARM.ActiveCfg = Release|ARM
		{7B88F04A-30F2-4934-AF2D-0F3EACAD8121}.AppStore|ARM.Build.0 = Release|ARM
		{7B88F04A-30F2-4934-AF2D-0F3EACAD8121}.AppStore|ARM.Deploy.0 = Release|ARM
		{7B88F04A-30F2-4934-AF2D-0F3EACAD8121}.AppStore|iPhone.ActiveCfg = Release|x86
		{7B88F04A-30F2-4934-AF2D-0F3EACAD8121}.AppStore|iPhone.Build.0 = Release|x86
		{7B88F04A-30F2-4934-AF2D-0F3EACAD8121}.AppStore|iPhone.Deploy.0 = Release|x86
		{7B88F04A-30F2-4934-AF2D-0F3EACAD8121}.AppStore|iPhoneSimulator.ActiveCfg = Release|x86
		{7B88F04A-30F2-4934-AF2D-0F3EACAD8121}.AppStore|iPhoneSimulator.Build.0 = Release|x86
		{7B88F04A-30F2-4934-AF2D-0F3EACAD8121}.AppStore|iPhoneSimulator.Deploy.0 = Release|x86
		{7B88F04A-30F2-4934-AF2D-0F3EACAD8121}.AppStore|x64.ActiveCfg = Release|x64
		{7B88F04A-30F2-4934-AF2D-0F3EACAD8121}.AppStore|x64.Build.0 = Release|x64
		{7B88F04A-30F2-4934-AF2D-0F3EACAD8121}.AppStore|x64.Deploy.0 = Release|x64
		{7B88F04A-30F2-4934-AF2D-0F3EACAD8121}.AppStore|x86.ActiveCfg = Release|x86
		{7B88F04A-30F2-4934-AF2D-0F3EACAD8121}.AppStore|x86.Build.0 = Release|x86
		{7B88F04A-30F2-4934-AF2D-0F3EACAD8121}.AppStore|x86.Deploy.0 = Release|x86
		{7B88F04A-30F2-4934-AF2D-0F3EACAD8121}.Debug|Any CPU.ActiveCfg = Debug|x86
		{7B88F04A-30F2-4934-AF2D-0F3EACAD8121}.Debug|Any CPU.Build.0 = Debug|x86
		{7B88F04A-30F2-4934-AF2D-0F3EACAD8121}.Debug|Any CPU.Deploy.0 = Debug|x86
		{7B88F04A-30F2-4934-AF2D-0F3EACAD8121}.Debug|ARM.ActiveCfg = Debug|ARM
		{7B88F04A-30F2-4934-AF2D-0F3EACAD8121}.Debug|ARM.Build.0 = Debug|ARM
		{7B88F04A-30F2-4934-AF2D-0F3EACAD8121}.Debug|ARM.Deploy.0 = Debug|ARM
		{7B88F04A-30F2-4934-AF2D-0F3EACAD8121}.Debug|iPhone.ActiveCfg = Debug|x86
		{7B88F04A-30F2-4934-AF2D-0F3EACAD8121}.Debug|iPhone.Build.0 = Debug|x86
		{7B88F04A-30F2-4934-AF2D-0F3EACAD8121}.Debug|iPhone.Deploy.0 = Debug|x86
		{7B88F04A-30F2-4934-AF2D-0F3EACAD8121}.Debug|iPhoneSimulator.ActiveCfg = Debug|x86
		{7B88F04A-30F2-4934-AF2D-0F3EACAD8121}.Debug|iPhoneSimulator.Build.0 = Debug|x86
		{7B88F04A-30F2-4934-AF2D-0F3EACAD8121}.Debug|iPhoneSimulator.Deploy.0 = Debug|x86
		{7B88F04A-30F2-4934-AF2D-0F3EACAD8121}.Debug|x64.ActiveCfg = Debug|x64
		{7B88F04A-30F2-4934-AF2D-0F3EACAD8121}.Debug|x64.Build.0 = Debug|x64
		{7B88F04A-30F2-4934-AF2D-0F3EACAD8121}.Debug|x64.Deploy.0 = Debug|x64
		{7B88F04A-30F2-4934-AF2D-0F3EACAD8121}.Debug|x86.ActiveCfg = Debug|x86
		{7B88F04A-30F2-4934-AF2D-0F3EACAD8121}.Debug|x86.Build.0 = Debug|x86
		{7B88F04A-30F2-4934-AF2D-0F3EACAD8121}.Debug|x86.Deploy.0 = Debug|x86
		{7B88F04A-30F2-4934-AF2D-0F3EACAD8121}.Release|Any CPU.ActiveCfg = Release|x86
		{7B88F04A-30F2-4934-AF2D-0F3EACAD8121}.Release|Any CPU.Build.0 = Release|x86
		{7B88F04A-30F2-4934-AF2D-0F3EACAD8121}.Release|Any CPU.Deploy.0 = Release|x86
		{7B88F04A-30F2-4934-AF2D-0F3EACAD8121}.Release|ARM.ActiveCfg = Release|ARM
		{7B88F04A-30F2-4934-AF2D-0F3EACAD8121}.Release|ARM.Build.0 = Release|ARM
		{7B88F04A-30F2-4934-AF2D-0F3EACAD8121}.Release|ARM.Deploy.0 = Release|ARM
		{7B88F04A-30F2-4934-AF2D-0F3EACAD8121}.Release|iPhone.ActiveCfg = Release|x86
		{7B88F04A-30F2-4934-AF2D-0F3EACAD8121}.Release|iPhone.Build.0 = Release|x86
		{7B88F04A-30F2-4934-AF2D-0F3EACAD8121}.Release|iPhone.Deploy.0 = Release|x86
		{7B88F04A-30F2-4934-AF2D-0F3EACAD8121}.Release|iPhoneSimulator.ActiveCfg = Release|x86
		{7B88F04A-30F2-4934-AF2D-0F3EACAD8121}.Release|iPhoneSimulator.Build.0 = Release|x86
		{7B88F04A-30F2-4934-AF2D-0F3EACAD8121}.Release|iPhoneSimulator.Deploy.0 = Release|x86
		{7B88F04A-30F2-4934-AF2D-0F3EACAD8121}.Release|x64.ActiveCfg = Release|x64
		{7B88F04A-30F2-4934-AF2D-0F3EACAD8121}.Release|x64.Build.0 = Release|x64
		{7B88F04A-30F2-4934-AF2D-0F3EACAD8121}.Release|x64.Deploy.0 = Release|x64
		{7B88F04A-30F2-4934-AF2D-0F3EACAD8121}.Release|x86.ActiveCfg = Release|x86
		{7B88F04A-30F2-4934-AF2D-0F3EACAD8121}.Release|x86.Build.0 = Release|x86
		{7B88F04A-30F2-4934-AF2D-0F3EACAD8121}.Release|x86.Deploy.0 = Release|x86
		{6A8A716B-31CD-4962-8D1C-F61CF07F506E}.Ad-Hoc|Any CPU.ActiveCfg = Debug|Any CPU
		{6A8A716B-31CD-4962-8D1C-F61CF07F506E}.Ad-Hoc|Any CPU.Build.0 = Debug|Any CPU
		{6A8A716B-31CD-4962-8D1C-F61CF07F506E}.Ad-Hoc|Any CPU.Deploy.0 = Debug|Any CPU
		{6A8A716B-31CD-4962-8D1C-F61CF07F506E}.Ad-Hoc|ARM.ActiveCfg = Debug|Any CPU
		{6A8A716B-31CD-4962-8D1C-F61CF07F506E}.Ad-Hoc|ARM.Build.0 = Debug|Any CPU
		{6A8A716B-31CD-4962-8D1C-F61CF07F506E}.Ad-Hoc|ARM.Deploy.0 = Debug|Any CPU
		{6A8A716B-31CD-4962-8D1C-F61CF07F506E}.Ad-Hoc|iPhone.ActiveCfg = Debug|Any CPU
		{6A8A716B-31CD-4962-8D1C-F61CF07F506E}.Ad-Hoc|iPhone.Build.0 = Debug|Any CPU
		{6A8A716B-31CD-4962-8D1C-F61CF07F506E}.Ad-Hoc|iPhone.Deploy.0 = Debug|Any CPU
		{6A8A716B-31CD-4962-8D1C-F61CF07F506E}.Ad-Hoc|iPhoneSimulator.ActiveCfg = Debug|Any CPU
		{6A8A716B-31CD-4962-8D1C-F61CF07F506E}.Ad-Hoc|iPhoneSimulator.Build.0 = Debug|Any CPU
		{6A8A716B-31CD-4962-8D1C-F61CF07F506E}.Ad-Hoc|iPhoneSimulator.Deploy.0 = Debug|Any CPU
		{6A8A716B-31CD-4962-8D1C-F61CF07F506E}.Ad-Hoc|x64.ActiveCfg = Debug|Any CPU
		{6A8A716B-31CD-4962-8D1C-F61CF07F506E}.Ad-Hoc|x64.Build.0 = Debug|Any CPU
		{6A8A716B-31CD-4962-8D1C-F61CF07F506E}.Ad-Hoc|x64.Deploy.0 = Debug|Any CPU
		{6A8A716B-31CD-4962-8D1C-F61CF07F506E}.Ad-Hoc|x86.ActiveCfg = Debug|Any CPU
		{6A8A716B-31CD-4962-8D1C-F61CF07F506E}.Ad-Hoc|x86.Build.0 = Debug|Any CPU
		{6A8A716B-31CD-4962-8D1C-F61CF07F506E}.Ad-Hoc|x86.Deploy.0 = Debug|Any CPU
		{6A8A716B-31CD-4962-8D1C-F61CF07F506E}.AppStore|Any CPU.ActiveCfg = Debug|Any CPU
		{6A8A716B-31CD-4962-8D1C-F61CF07F506E}.AppStore|Any CPU.Build.0 = Debug|Any CPU
		{6A8A716B-31CD-4962-8D1C-F61CF07F506E}.AppStore|Any CPU.Deploy.0 = Debug|Any CPU
		{6A8A716B-31CD-4962-8D1C-F61CF07F506E}.AppStore|ARM.ActiveCfg = Debug|Any CPU
		{6A8A716B-31CD-4962-8D1C-F61CF07F506E}.AppStore|ARM.Build.0 = Debug|Any CPU
		{6A8A716B-31CD-4962-8D1C-F61CF07F506E}.AppStore|ARM.Deploy.0 = Debug|Any CPU
		{6A8A716B-31CD-4962-8D1C-F61CF07F506E}.AppStore|iPhone.ActiveCfg = Debug|Any CPU
		{6A8A716B-31CD-4962-8D1C-F61CF07F506E}.AppStore|iPhone.Build.0 = Debug|Any CPU
		{6A8A716B-31CD-4962-8D1C-F61CF07F506E}.AppStore|iPhone.Deploy.0 = Debug|Any CPU
		{6A8A716B-31CD-4962-8D1C-F61CF07F506E}.AppStore|iPhoneSimulator.ActiveCfg = Debug|Any CPU
		{6A8A716B-31CD-4962-8D1C-F61CF07F506E}.AppStore|iPhoneSimulator.Build.0 = Debug|Any CPU
		{6A8A716B-31CD-4962-8D1C-F61CF07F506E}.AppStore|iPhoneSimulator.Deploy.0 = Debug|Any CPU
		{6A8A716B-31CD-4962-8D1C-F61CF07F506E}.AppStore|x64.ActiveCfg = Debug|Any CPU
		{6A8A716B-31CD-4962-8D1C-F61CF07F506E}.AppStore|x64.Build.0 = Debug|Any CPU
		{6A8A716B-31CD-4962-8D1C-F61CF07F506E}.AppStore|x64.Deploy.0 = Debug|Any CPU
		{6A8A716B-31CD-4962-8D1C-F61CF07F506E}.AppStore|x86.ActiveCfg = Debug|Any CPU
		{6A8A716B-31CD-4962-8D1C-F61CF07F506E}.AppStore|x86.Build.0 = Debug|Any CPU
		{6A8A716B-31CD-4962-8D1C-F61CF07F506E}.AppStore|x86.Deploy.0 = Debug|Any CPU
		{6A8A716B-31CD-4962-8D1C-F61CF07F506E}.Debug|Any CPU.ActiveCfg = Debug|Any CPU
		{6A8A716B-31CD-4962-8D1C-F61CF07F506E}.Debug|Any CPU.Build.0 = Debug|Any CPU
		{6A8A716B-31CD-4962-8D1C-F61CF07F506E}.Debug|Any CPU.Deploy.0 = Debug|Any CPU
		{6A8A716B-31CD-4962-8D1C-F61CF07F506E}.Debug|ARM.ActiveCfg = Debug|Any CPU
		{6A8A716B-31CD-4962-8D1C-F61CF07F506E}.Debug|ARM.Build.0 = Debug|Any CPU
		{6A8A716B-31CD-4962-8D1C-F61CF07F506E}.Debug|ARM.Deploy.0 = Debug|Any CPU
		{6A8A716B-31CD-4962-8D1C-F61CF07F506E}.Debug|iPhone.ActiveCfg = Debug|Any CPU
		{6A8A716B-31CD-4962-8D1C-F61CF07F506E}.Debug|iPhone.Build.0 = Debug|Any CPU
		{6A8A716B-31CD-4962-8D1C-F61CF07F506E}.Debug|iPhone.Deploy.0 = Debug|Any CPU
		{6A8A716B-31CD-4962-8D1C-F61CF07F506E}.Debug|iPhoneSimulator.ActiveCfg = Debug|Any CPU
		{6A8A716B-31CD-4962-8D1C-F61CF07F506E}.Debug|iPhoneSimulator.Build.0 = Debug|Any CPU
		{6A8A716B-31CD-4962-8D1C-F61CF07F506E}.Debug|iPhoneSimulator.Deploy.0 = Debug|Any CPU
		{6A8A716B-31CD-4962-8D1C-F61CF07F506E}.Debug|x64.ActiveCfg = Debug|Any CPU
		{6A8A716B-31CD-4962-8D1C-F61CF07F506E}.Debug|x64.Build.0 = Debug|Any CPU
		{6A8A716B-31CD-4962-8D1C-F61CF07F506E}.Debug|x64.Deploy.0 = Debug|Any CPU
		{6A8A716B-31CD-4962-8D1C-F61CF07F506E}.Debug|x86.ActiveCfg = Debug|Any CPU
		{6A8A716B-31CD-4962-8D1C-F61CF07F506E}.Debug|x86.Build.0 = Debug|Any CPU
		{6A8A716B-31CD-4962-8D1C-F61CF07F506E}.Debug|x86.Deploy.0 = Debug|Any CPU
		{6A8A716B-31CD-4962-8D1C-F61CF07F506E}.Release|Any CPU.ActiveCfg = Release|Any CPU
		{6A8A716B-31CD-4962-8D1C-F61CF07F506E}.Release|Any CPU.Build.0 = Release|Any CPU
		{6A8A716B-31CD-4962-8D1C-F61CF07F506E}.Release|Any CPU.Deploy.0 = Release|Any CPU
		{6A8A716B-31CD-4962-8D1C-F61CF07F506E}.Release|ARM.ActiveCfg = Release|Any CPU
		{6A8A716B-31CD-4962-8D1C-F61CF07F506E}.Release|ARM.Build.0 = Release|Any CPU
		{6A8A716B-31CD-4962-8D1C-F61CF07F506E}.Release|ARM.Deploy.0 = Release|Any CPU
		{6A8A716B-31CD-4962-8D1C-F61CF07F506E}.Release|iPhone.ActiveCfg = Release|Any CPU
		{6A8A716B-31CD-4962-8D1C-F61CF07F506E}.Release|iPhone.Build.0 = Release|Any CPU
		{6A8A716B-31CD-4962-8D1C-F61CF07F506E}.Release|iPhone.Deploy.0 = Release|Any CPU
		{6A8A716B-31CD-4962-8D1C-F61CF07F506E}.Release|iPhoneSimulator.ActiveCfg = Release|Any CPU
		{6A8A716B-31CD-4962-8D1C-F61CF07F506E}.Release|iPhoneSimulator.Build.0 = Release|Any CPU
		{6A8A716B-31CD-4962-8D1C-F61CF07F506E}.Release|iPhoneSimulator.Deploy.0 = Release|Any CPU
		{6A8A716B-31CD-4962-8D1C-F61CF07F506E}.Release|x64.ActiveCfg = Release|Any CPU
		{6A8A716B-31CD-4962-8D1C-F61CF07F506E}.Release|x64.Build.0 = Release|Any CPU
		{6A8A716B-31CD-4962-8D1C-F61CF07F506E}.Release|x64.Deploy.0 = Release|Any CPU
		{6A8A716B-31CD-4962-8D1C-F61CF07F506E}.Release|x86.ActiveCfg = Release|Any CPU
		{6A8A716B-31CD-4962-8D1C-F61CF07F506E}.Release|x86.Build.0 = Release|Any CPU
		{6A8A716B-31CD-4962-8D1C-F61CF07F506E}.Release|x86.Deploy.0 = Release|Any CPU
	EndGlobalSection
	GlobalSection(SolutionProperties) = preSolution
		HideSolutionNode = FALSE
	EndGlobalSection
	GlobalSection(ExtensibilityGlobals) = postSolution
		SolutionGuid = {F147B035-FBCE-430D-A29D-D3EB93D1BD9B}
	EndGlobalSection
EndGlobal
